{
  "pins" : [
    {
      "identity" : "contribute",
      "kind" : "remoteSourceControl",
      "location" : "https://github.com/brightdigit/Contribute.git",
      "state" : {
        "branch" : "v1.0.0",
        "revision" : "990821baa1d41d513718394b40f99c3d08341cd9"
      }
    },
    {
      "identity" : "yams",
      "kind" : "remoteSourceControl",
      "location" : "https://github.com/jpsim/Yams.git",
      "state" : {
        "revision" : "9ff1cc9327586db4e0c8f46f064b6a82ec1566fa",
        "version" : "4.0.6"
      }
    }
  ],
  "version" : 2
}
