{
  "pins" : [
    {
      "identity" : "contribute",
      "kind" : "remoteSourceControl",
      "location" : "https://github.com/brightdigit/Contribute.git",
      "state" : {
        "revision" : "cd366bbeceed5ad30fe7c3c604b0400615c5149e",
        "version" : "1.0.0-alpha.4"
      }
    },
    {
      "identity" : "syndikit",
      "kind" : "remoteSourceControl",
      "location" : "https://github.com/brightdigit/SyndiKit.git",
      "state" : {
        "branch" : "v0.3.7",
        "revision" : "41cbcbad6cd594680f38a28c71a862c62a580424"
      }
    },
    {
      "identity" : "xmlcoder",
      "kind" : "remoteSourceControl",
      "location" : "https://github.com/CoreOffice/XMLCoder",
      "state" : {
        "revision" : "b1e944cbd0ef33787b13f639a5418d55b3bed501",
        "version" : "0.17.1"
      }
    },
    {
      "identity" : "yams",
      "kind" : "remoteSourceControl",
      "location" : "https://github.com/jpsim/Yams.git",
      "state" : {
        "revision" : "9ff1cc9327586db4e0c8f46f064b6a82ec1566fa",
        "version" : "4.0.6"
      }
    }
  ],
  "version" : 2
}
